
Microsoft Visual Studio Solution File, Format Version 12.00
# Visual Studio 14
VisualStudioVersion = 14.0.25420.1
MinimumVisualStudioVersion = 10.0.40219.1
Project("{FAE04EC0-301F-11D3-BF4B-00C04F79EFBC}") = "PrismDeLongPress", "PrismDeLongPress\PrismDeLongPress\PrismDeLongPress.csproj", "{8EA7040B-DB9D-4AE4-9CD4-61A4D1DABEA3}"
EndProject
Project("{FAE04EC0-301F-11D3-BF4B-00C04F79EFBC}") = "PrismDeLongPress.Droid", "PrismDeLongPress\PrismDeLongPress.Droid\PrismDeLongPress.Droid.csproj", "{2955AC3B-7949-47EC-A2E7-5083F7CBEE88}"
EndProject
Project("{FAE04EC0-301F-11D3-BF4B-00C04F79EFBC}") = "PrismDeLongPress.iOS", "PrismDeLongPress\PrismDeLongPress.iOS\PrismDeLongPress.iOS.csproj", "{841FFB5A-B710-49CB-B5CD-04624DDCD4F9}"
EndProject
Global
	GlobalSection(SolutionConfigurationPlatforms) = preSolution
		Ad-Hoc|Any CPU = Ad-Hoc|Any CPU
		Ad-Hoc|iPhone = Ad-Hoc|iPhone
		Ad-Hoc|iPhoneSimulator = Ad-Hoc|iPhoneSimulator
		AppStore|Any CPU = AppStore|Any CPU
		AppStore|iPhone = AppStore|iPhone
		AppStore|iPhoneSimulator = AppStore|iPhoneSimulator
		Debug|Any CPU = Debug|Any CPU
		Debug|iPhone = Debug|iPhone
		Debug|iPhoneSimulator = Debug|iPhoneSimulator
		Release|Any CPU = Release|Any CPU
		Release|iPhone = Release|iPhone
		Release|iPhoneSimulator = Release|iPhoneSimulator
	EndGlobalSection
	GlobalSection(ProjectConfigurationPlatforms) = postSolution
		{8EA7040B-DB9D-4AE4-9CD4-61A4D1DABEA3}.Ad-Hoc|Any CPU.ActiveCfg = Release|Any CPU
		{8EA7040B-DB9D-4AE4-9CD4-61A4D1DABEA3}.Ad-Hoc|Any CPU.Build.0 = Release|Any CPU
		{8EA7040B-DB9D-4AE4-9CD4-61A4D1DABEA3}.Ad-Hoc|iPhone.ActiveCfg = Release|Any CPU
		{8EA7040B-DB9D-4AE4-9CD4-61A4D1DABEA3}.Ad-Hoc|iPhone.Build.0 = Release|Any CPU
		{8EA7040B-DB9D-4AE4-9CD4-61A4D1DABEA3}.Ad-Hoc|iPhoneSimulator.ActiveCfg = Release|Any CPU
		{8EA7040B-DB9D-4AE4-9CD4-61A4D1DABEA3}.Ad-Hoc|iPhoneSimulator.Build.0 = Release|Any CPU
		{8EA7040B-DB9D-4AE4-9CD4-61A4D1DABEA3}.AppStore|Any CPU.ActiveCfg = Release|Any CPU
		{8EA7040B-DB9D-4AE4-9CD4-61A4D1DABEA3}.AppStore|Any CPU.Build.0 = Release|Any CPU
		{8EA7040B-DB9D-4AE4-9CD4-61A4D1DABEA3}.AppStore|iPhone.ActiveCfg = Release|Any CPU
		{8EA7040B-DB9D-4AE4-9CD4-61A4D1DABEA3}.AppStore|iPhone.Build.0 = Release|Any CPU
		{8EA7040B-DB9D-4AE4-9CD4-61A4D1DABEA3}.AppStore|iPhoneSimulator.ActiveCfg = Release|Any CPU
		{8EA7040B-DB9D-4AE4-9CD4-61A4D1DABEA3}.AppStore|iPhoneSimulator.Build.0 = Release|Any CPU
		{8EA7040B-DB9D-4AE4-9CD4-61A4D1DABEA3}.Debug|Any CPU.ActiveCfg = Debug|Any CPU
		{8EA7040B-DB9D-4AE4-9CD4-61A4D1DABEA3}.Debug|Any CPU.Build.0 = Debug|Any CPU
		{8EA7040B-DB9D-4AE4-9CD4-61A4D1DABEA3}.Debug|iPhone.ActiveCfg = Debug|Any CPU
		{8EA7040B-DB9D-4AE4-9CD4-61A4D1DABEA3}.Debug|iPhone.Build.0 = Debug|Any CPU
		{8EA7040B-DB9D-4AE4-9CD4-61A4D1DABEA3}.Debug|iPhoneSimulator.ActiveCfg = Debug|Any CPU
		{8EA7040B-DB9D-4AE4-9CD4-61A4D1DABEA3}.Debug|iPhoneSimulator.Build.0 = Debug|Any CPU
		{8EA7040B-DB9D-4AE4-9CD4-61A4D1DABEA3}.Release|Any CPU.ActiveCfg = Release|Any CPU
		{8EA7040B-DB9D-4AE4-9CD4-61A4D1DABEA3}.Release|Any CPU.Build.0 = Release|Any CPU
		{8EA7040B-DB9D-4AE4-9CD4-61A4D1DABEA3}.Release|iPhone.ActiveCfg = Release|Any CPU
		{8EA7040B-DB9D-4AE4-9CD4-61A4D1DABEA3}.Release|iPhone.Build.0 = Release|Any CPU
		{8EA7040B-DB9D-4AE4-9CD4-61A4D1DABEA3}.Release|iPhoneSimulator.ActiveCfg = Release|Any CPU
		{8EA7040B-DB9D-4AE4-9CD4-61A4D1DABEA3}.Release|iPhoneSimulator.Build.0 = Release|Any CPU
		{2955AC3B-7949-47EC-A2E7-5083F7CBEE88}.Ad-Hoc|Any CPU.ActiveCfg = Release|Any CPU
		{2955AC3B-7949-47EC-A2E7-5083F7CBEE88}.Ad-Hoc|Any CPU.Build.0 = Release|Any CPU
		{2955AC3B-7949-47EC-A2E7-5083F7CBEE88}.Ad-Hoc|Any CPU.Deploy.0 = Release|Any CPU
		{2955AC3B-7949-47EC-A2E7-5083F7CBEE88}.Ad-Hoc|iPhone.ActiveCfg = Release|Any CPU
		{2955AC3B-7949-47EC-A2E7-5083F7CBEE88}.Ad-Hoc|iPhone.Build.0 = Release|Any CPU
		{2955AC3B-7949-47EC-A2E7-5083F7CBEE88}.Ad-Hoc|iPhone.Deploy.0 = Release|Any CPU
		{2955AC3B-7949-47EC-A2E7-5083F7CBEE88}.Ad-Hoc|iPhoneSimulator.ActiveCfg = Release|Any CPU
		{2955AC3B-7949-47EC-A2E7-5083F7CBEE88}.Ad-Hoc|iPhoneSimulator.Build.0 = Release|Any CPU
		{2955AC3B-7949-47EC-A2E7-5083F7CBEE88}.Ad-Hoc|iPhoneSimulator.Deploy.0 = Release|Any CPU
		{2955AC3B-7949-47EC-A2E7-5083F7CBEE88}.AppStore|Any CPU.ActiveCfg = Release|Any CPU
		{2955AC3B-7949-47EC-A2E7-5083F7CBEE88}.AppStore|Any CPU.Build.0 = Release|Any CPU
		{2955AC3B-7949-47EC-A2E7-5083F7CBEE88}.AppStore|Any CPU.Deploy.0 = Release|Any CPU
		{2955AC3B-7949-47EC-A2E7-5083F7CBEE88}.AppStore|iPhone.ActiveCfg = Release|Any CPU
		{2955AC3B-7949-47EC-A2E7-5083F7CBEE88}.AppStore|iPhone.Build.0 = Release|Any CPU
		{2955AC3B-7949-47EC-A2E7-5083F7CBEE88}.AppStore|iPhone.Deploy.0 = Release|Any CPU
		{2955AC3B-7949-47EC-A2E7-5083F7CBEE88}.AppStore|iPhoneSimulator.ActiveCfg = Release|Any CPU
		{2955AC3B-7949-47EC-A2E7-5083F7CBEE88}.AppStore|iPhoneSimulator.Build.0 = Release|Any CPU
		{2955AC3B-7949-47EC-A2E7-5083F7CBEE88}.AppStore|iPhoneSimulator.Deploy.0 = Release|Any CPU
		{2955AC3B-7949-47EC-A2E7-5083F7CBEE88}.Debug|Any CPU.ActiveCfg = Debug|Any CPU
		{2955AC3B-7949-47EC-A2E7-5083F7CBEE88}.Debug|Any CPU.Build.0 = Debug|Any CPU
		{2955AC3B-7949-47EC-A2E7-5083F7CBEE88}.Debug|Any CPU.Deploy.0 = Debug|Any CPU
		{2955AC3B-7949-47EC-A2E7-5083F7CBEE88}.Debug|iPhone.ActiveCfg = Debug|Any CPU
		{2955AC3B-7949-47EC-A2E7-5083F7CBEE88}.Debug|iPhone.Build.0 = Debug|Any CPU
		{2955AC3B-7949-47EC-A2E7-5083F7CBEE88}.Debug|iPhone.Deploy.0 = Debug|Any CPU
		{2955AC3B-7949-47EC-A2E7-5083F7CBEE88}.Debug|iPhoneSimulator.ActiveCfg = Debug|Any CPU
		{2955AC3B-7949-47EC-A2E7-5083F7CBEE88}.Debug|iPhoneSimulator.Build.0 = Debug|Any CPU
		{2955AC3B-7949-47EC-A2E7-5083F7CBEE88}.Debug|iPhoneSimulator.Deploy.0 = Debug|Any CPU
		{2955AC3B-7949-47EC-A2E7-5083F7CBEE88}.Release|Any CPU.ActiveCfg = Release|Any CPU
		{2955AC3B-7949-47EC-A2E7-5083F7CBEE88}.Release|Any CPU.Build.0 = Release|Any CPU
		{2955AC3B-7949-47EC-A2E7-5083F7CBEE88}.Release|Any CPU.Deploy.0 = Release|Any CPU
		{2955AC3B-7949-47EC-A2E7-5083F7CBEE88}.Release|iPhone.ActiveCfg = Release|Any CPU
		{2955AC3B-7949-47EC-A2E7-5083F7CBEE88}.Release|iPhone.Build.0 = Release|Any CPU
		{2955AC3B-7949-47EC-A2E7-5083F7CBEE88}.Release|iPhone.Deploy.0 = Release|Any CPU
		{2955AC3B-7949-47EC-A2E7-5083F7CBEE88}.Release|iPhoneSimulator.ActiveCfg = Release|Any CPU
		{2955AC3B-7949-47EC-A2E7-5083F7CBEE88}.Release|iPhoneSimulator.Build.0 = Release|Any CPU
		{2955AC3B-7949-47EC-A2E7-5083F7CBEE88}.Release|iPhoneSimulator.Deploy.0 = Release|Any CPU
		{841FFB5A-B710-49CB-B5CD-04624DDCD4F9}.Ad-Hoc|Any CPU.ActiveCfg = Ad-Hoc|iPhone
		{841FFB5A-B710-49CB-B5CD-04624DDCD4F9}.Ad-Hoc|iPhone.ActiveCfg = Ad-Hoc|iPhone
		{841FFB5A-B710-49CB-B5CD-04624DDCD4F9}.Ad-Hoc|iPhone.Build.0 = Ad-Hoc|iPhone
		{841FFB5A-B710-49CB-B5CD-04624DDCD4F9}.Ad-Hoc|iPhoneSimulator.ActiveCfg = Ad-Hoc|iPhoneSimulator
		{841FFB5A-B710-49CB-B5CD-04624DDCD4F9}.Ad-Hoc|iPhoneSimulator.Build.0 = Ad-Hoc|iPhoneSimulator
		{841FFB5A-B710-49CB-B5CD-04624DDCD4F9}.AppStore|Any CPU.ActiveCfg = AppStore|iPhone
		{841FFB5A-B710-49CB-B5CD-04624DDCD4F9}.AppStore|iPhone.ActiveCfg = AppStore|iPhone
		{841FFB5A-B710-49CB-B5CD-04624DDCD4F9}.AppStore|iPhone.Build.0 = AppStore|iPhone
		{841FFB5A-B710-49CB-B5CD-04624DDCD4F9}.AppStore|iPhoneSimulator.ActiveCfg = AppStore|iPhoneSimulator
		{841FFB5A-B710-49CB-B5CD-04624DDCD4F9}.AppStore|iPhoneSimulator.Build.0 = AppStore|iPhoneSimulator
		{841FFB5A-B710-49CB-B5CD-04624DDCD4F9}.Debug|Any CPU.ActiveCfg = Debug|iPhone
		{841FFB5A-B710-49CB-B5CD-04624DDCD4F9}.Debug|iPhone.ActiveCfg = Debug|iPhone
		{841FFB5A-B710-49CB-B5CD-04624DDCD4F9}.Debug|iPhone.Build.0 = Debug|iPhone
		{841FFB5A-B710-49CB-B5CD-04624DDCD4F9}.Debug|iPhoneSimulator.ActiveCfg = Debug|iPhoneSimulator
		{841FFB5A-B710-49CB-B5CD-04624DDCD4F9}.Debug|iPhoneSimulator.Build.0 = Debug|iPhoneSimulator
		{841FFB5A-B710-49CB-B5CD-04624DDCD4F9}.Release|Any CPU.ActiveCfg = Release|iPhone
		{841FFB5A-B710-49CB-B5CD-04624DDCD4F9}.Release|iPhone.ActiveCfg = Release|iPhone
		{841FFB5A-B710-49CB-B5CD-04624DDCD4F9}.Release|iPhone.Build.0 = Release|iPhone
		{841FFB5A-B710-49CB-B5CD-04624DDCD4F9}.Release|iPhoneSimulator.ActiveCfg = Release|iPhoneSimulator
		{841FFB5A-B710-49CB-B5CD-04624DDCD4F9}.Release|iPhoneSimulator.Build.0 = Release|iPhoneSimulator
	EndGlobalSection
	GlobalSection(SolutionProperties) = preSolution
		HideSolutionNode = FALSE
	EndGlobalSection
EndGlobal
